// !$*UTF8*$!
{
	archiveVersion = 1;
	classes = {
	};
	objectVersion = 56;
	objects = {

/* Begin PBXBuildFile section */
		1A2A51BF29E65FC30054F361 /* CreateViewController.swift in Sources */ = {isa = PBXBuildFile; fileRef = 1A2A51BE29E65FC30054F361 /* CreateViewController.swift */; };
		DD5D5F0329EF68EA00198EFB /* AnnotationView.swift in Sources */ = {isa = PBXBuildFile; fileRef = DD5D5F0229EF68EA00198EFB /* AnnotationView.swift */; };
		DDA661D529E60D1C00091E6C /* AppDelegate.swift in Sources */ = {isa = PBXBuildFile; fileRef = DDA661D429E60D1C00091E6C /* AppDelegate.swift */; };
		DDA661D729E60D1C00091E6C /* SceneDelegate.swift in Sources */ = {isa = PBXBuildFile; fileRef = DDA661D629E60D1C00091E6C /* SceneDelegate.swift */; };
		DDA661D929E60D1C00091E6C /* ViewController.swift in Sources */ = {isa = PBXBuildFile; fileRef = DDA661D829E60D1C00091E6C /* ViewController.swift */; };
		DDA661DC29E60D1C00091E6C /* Main.storyboard in Resources */ = {isa = PBXBuildFile; fileRef = DDA661DA29E60D1C00091E6C /* Main.storyboard */; };
		DDA661DE29E60D1D00091E6C /* Assets.xcassets in Resources */ = {isa = PBXBuildFile; fileRef = DDA661DD29E60D1D00091E6C /* Assets.xcassets */; };
		DDA661E129E60D1D00091E6C /* LaunchScreen.storyboard in Resources */ = {isa = PBXBuildFile; fileRef = DDA661DF29E60D1D00091E6C /* LaunchScreen.storyboard */; };
		DDA661EA29E60D7800091E6C /* ParseSwift in Frameworks */ = {isa = PBXBuildFile; productRef = DDA661E929E60D7800091E6C /* ParseSwift */; };
		DDA661EC29E60E9800091E6C /* User.swift in Sources */ = {isa = PBXBuildFile; fileRef = DDA661EB29E60E9800091E6C /* User.swift */; };
		DDA661EF29E6115F00091E6C /* SignUpViewController.swift in Sources */ = {isa = PBXBuildFile; fileRef = DDA661EE29E6115F00091E6C /* SignUpViewController.swift */; };
		DDA661F229E61E7800091E6C /* FeedViewController.swift in Sources */ = {isa = PBXBuildFile; fileRef = DDA661F129E61E7800091E6C /* FeedViewController.swift */; };
		DDA661F429E631B900091E6C /* Journal.swift in Sources */ = {isa = PBXBuildFile; fileRef = DDA661F329E631B900091E6C /* Journal.swift */; };
/* End PBXBuildFile section */

/* Begin PBXFileReference section */
		1A2A51BE29E65FC30054F361 /* CreateViewController.swift */ = {isa = PBXFileReference; lastKnownFileType = sourcecode.swift; path = CreateViewController.swift; sourceTree = "<group>"; };
		DD5D5F0229EF68EA00198EFB /* AnnotationView.swift */ = {isa = PBXFileReference; lastKnownFileType = sourcecode.swift; path = AnnotationView.swift; sourceTree = "<group>"; };
		DDA661D129E60D1C00091E6C /* Travelogue.app */ = {isa = PBXFileReference; explicitFileType = wrapper.application; includeInIndex = 0; path = Travelogue.app; sourceTree = BUILT_PRODUCTS_DIR; };
		DDA661D429E60D1C00091E6C /* AppDelegate.swift */ = {isa = PBXFileReference; lastKnownFileType = sourcecode.swift; path = AppDelegate.swift; sourceTree = "<group>"; };
		DDA661D629E60D1C00091E6C /* SceneDelegate.swift */ = {isa = PBXFileReference; lastKnownFileType = sourcecode.swift; path = SceneDelegate.swift; sourceTree = "<group>"; };
		DDA661D829E60D1C00091E6C /* ViewController.swift */ = {isa = PBXFileReference; lastKnownFileType = sourcecode.swift; path = ViewController.swift; sourceTree = "<group>"; };
		DDA661DB29E60D1C00091E6C /* Base */ = {isa = PBXFileReference; lastKnownFileType = file.storyboard; name = Base; path = Base.lproj/Main.storyboard; sourceTree = "<group>"; };
		DDA661DD29E60D1D00091E6C /* Assets.xcassets */ = {isa = PBXFileReference; lastKnownFileType = folder.assetcatalog; path = Assets.xcassets; sourceTree = "<group>"; };
		DDA661E029E60D1D00091E6C /* Base */ = {isa = PBXFileReference; lastKnownFileType = file.storyboard; name = Base; path = Base.lproj/LaunchScreen.storyboard; sourceTree = "<group>"; };
		DDA661E229E60D1D00091E6C /* Info.plist */ = {isa = PBXFileReference; lastKnownFileType = text.plist.xml; path = Info.plist; sourceTree = "<group>"; };
		DDA661EB29E60E9800091E6C /* User.swift */ = {isa = PBXFileReference; lastKnownFileType = sourcecode.swift; path = User.swift; sourceTree = "<group>"; };
		DDA661EE29E6115F00091E6C /* SignUpViewController.swift */ = {isa = PBXFileReference; lastKnownFileType = sourcecode.swift; path = SignUpViewController.swift; sourceTree = "<group>"; };
		DDA661F129E61E7800091E6C /* FeedViewController.swift */ = {isa = PBXFileReference; lastKnownFileType = sourcecode.swift; path = FeedViewController.swift; sourceTree = "<group>"; };
		DDA661F329E631B900091E6C /* Journal.swift */ = {isa = PBXFileReference; lastKnownFileType = sourcecode.swift; path = Journal.swift; sourceTree = "<group>"; };
/* End PBXFileReference section */

/* Begin PBXFrameworksBuildPhase section */
		DDA661CE29E60D1C00091E6C /* Frameworks */ = {
			isa = PBXFrameworksBuildPhase;
			buildActionMask = 2147483647;
			files = (
				DDA661EA29E60D7800091E6C /* ParseSwift in Frameworks */,
			);
			runOnlyForDeploymentPostprocessing = 0;
		};
/* End PBXFrameworksBuildPhase section */

/* Begin PBXGroup section */
		1A2A51BD29E65F9F0054F361 /* Create Post */ = {
			isa = PBXGroup;
			children = (
				1A2A51BE29E65FC30054F361 /* CreateViewController.swift */,
			);
			path = "Create Post";
			sourceTree = "<group>";
		};
		DDA661C829E60D1C00091E6C = {
			isa = PBXGroup;
			children = (
				DDA661D329E60D1C00091E6C /* Travelogue */,
				DDA661D229E60D1C00091E6C /* Products */,
			);
			sourceTree = "<group>";
		};
		DDA661D229E60D1C00091E6C /* Products */ = {
			isa = PBXGroup;
			children = (
				DDA661D129E60D1C00091E6C /* Travelogue.app */,
			);
			name = Products;
			sourceTree = "<group>";
		};
		DDA661D329E60D1C00091E6C /* Travelogue */ = {
			isa = PBXGroup;
			children = (
				DDA661D429E60D1C00091E6C /* AppDelegate.swift */,
				DDA661D629E60D1C00091E6C /* SceneDelegate.swift */,
				DDA661ED29E60EC400091E6C /* Models */,
				1A2A51BD29E65F9F0054F361 /* Create Post */,
				DDA661F029E6116600091E6C /* Login & Sign Up */,
				DDA661F129E61E7800091E6C /* FeedViewController.swift */,
				DDA661DA29E60D1C00091E6C /* Main.storyboard */,
				DDA661DD29E60D1D00091E6C /* Assets.xcassets */,
				DDA661DF29E60D1D00091E6C /* LaunchScreen.storyboard */,
				DDA661E229E60D1D00091E6C /* Info.plist */,
			);
			path = Travelogue;
			sourceTree = "<group>";
		};
		DDA661ED29E60EC400091E6C /* Models */ = {
			isa = PBXGroup;
			children = (
				DDA661EB29E60E9800091E6C /* User.swift */,
				DDA661F329E631B900091E6C /* Journal.swift */,
				DD5D5F0229EF68EA00198EFB /* AnnotationView.swift */,
			);
			path = Models;
			sourceTree = "<group>";
		};
		DDA661F029E6116600091E6C /* Login & Sign Up */ = {
			isa = PBXGroup;
			children = (
				DDA661D829E60D1C00091E6C /* ViewController.swift */,
				DDA661EE29E6115F00091E6C /* SignUpViewController.swift */,
			);
			path = "Login & Sign Up";
			sourceTree = "<group>";
		};
/* End PBXGroup section */

/* Begin PBXNativeTarget section */
		DDA661D029E60D1C00091E6C /* Travelogue */ = {
			isa = PBXNativeTarget;
			buildConfigurationList = DDA661E529E60D1D00091E6C /* Build configuration list for PBXNativeTarget "Travelogue" */;
			buildPhases = (
				DDA661CD29E60D1C00091E6C /* Sources */,
				DDA661CE29E60D1C00091E6C /* Frameworks */,
				DDA661CF29E60D1C00091E6C /* Resources */,
			);
			buildRules = (
			);
			dependencies = (
			);
			name = Travelogue;
			packageProductDependencies = (
				DDA661E929E60D7800091E6C /* ParseSwift */,
			);
			productName = Travelogue;
			productReference = DDA661D129E60D1C00091E6C /* Travelogue.app */;
			productType = "com.apple.product-type.application";
		};
/* End PBXNativeTarget section */

/* Begin PBXProject section */
		DDA661C929E60D1C00091E6C /* Project object */ = {
			isa = PBXProject;
			attributes = {
				BuildIndependentTargetsInParallel = 1;
				LastSwiftUpdateCheck = 1430;
				LastUpgradeCheck = 1430;
				TargetAttributes = {
					DDA661D029E60D1C00091E6C = {
						CreatedOnToolsVersion = 14.3;
					};
				};
			};
			buildConfigurationList = DDA661CC29E60D1C00091E6C /* Build configuration list for PBXProject "Travelogue" */;
			compatibilityVersion = "Xcode 14.0";
			developmentRegion = en;
			hasScannedForEncodings = 0;
			knownRegions = (
				en,
				Base,
			);
			mainGroup = DDA661C829E60D1C00091E6C;
			packageReferences = (
				DDA661E829E60D7800091E6C /* XCRemoteSwiftPackageReference "Parse-Swift" */,
			);
			productRefGroup = DDA661D229E60D1C00091E6C /* Products */;
			projectDirPath = "";
			projectRoot = "";
			targets = (
				DDA661D029E60D1C00091E6C /* Travelogue */,
			);
		};
/* End PBXProject section */

/* Begin PBXResourcesBuildPhase section */
		DDA661CF29E60D1C00091E6C /* Resources */ = {
			isa = PBXResourcesBuildPhase;
			buildActionMask = 2147483647;
			files = (
				DDA661E129E60D1D00091E6C /* LaunchScreen.storyboard in Resources */,
				DDA661DE29E60D1D00091E6C /* Assets.xcassets in Resources */,
				DDA661DC29E60D1C00091E6C /* Main.storyboard in Resources */,
			);
			runOnlyForDeploymentPostprocessing = 0;
		};
/* End PBXResourcesBuildPhase section */

/* Begin PBXSourcesBuildPhase section */
		DDA661CD29E60D1C00091E6C /* Sources */ = {
			isa = PBXSourcesBuildPhase;
			buildActionMask = 2147483647;
			files = (
				1A2A51BF29E65FC30054F361 /* CreateViewController.swift in Sources */,
				DD5D5F0329EF68EA00198EFB /* AnnotationView.swift in Sources */,
				DDA661EC29E60E9800091E6C /* User.swift in Sources */,
				DDA661D929E60D1C00091E6C /* ViewController.swift in Sources */,
				DDA661D529E60D1C00091E6C /* AppDelegate.swift in Sources */,
				DDA661D729E60D1C00091E6C /* SceneDelegate.swift in Sources */,
				DDA661F229E61E7800091E6C /* FeedViewController.swift in Sources */,
				DDA661F429E631B900091E6C /* Journal.swift in Sources */,
				DDA661EF29E6115F00091E6C /* SignUpViewController.swift in Sources */,
			);
			runOnlyForDeploymentPostprocessing = 0;
		};
/* End PBXSourcesBuildPhase section */

/* Begin PBXVariantGroup section */
		DDA661DA29E60D1C00091E6C /* Main.storyboard */ = {
			isa = PBXVariantGroup;
			children = (
				DDA661DB29E60D1C00091E6C /* Base */,
			);
			name = Main.storyboard;
			sourceTree = "<group>";
		};
		DDA661DF29E60D1D00091E6C /* LaunchScreen.storyboard */ = {
			isa = PBXVariantGroup;
			children = (
				DDA661E029E60D1D00091E6C /* Base */,
			);
			name = LaunchScreen.storyboard;
			sourceTree = "<group>";
		};
/* End PBXVariantGroup section */

/* Begin XCBuildConfiguration section */
		DDA661E329E60D1D00091E6C /* Debug */ = {
			isa = XCBuildConfiguration;
			buildSettings = {
				ALWAYS_SEARCH_USER_PATHS = NO;
				CLANG_ANALYZER_NONNULL = YES;
				CLANG_ANALYZER_NUMBER_OBJECT_CONVERSION = YES_AGGRESSIVE;
				CLANG_CXX_LANGUAGE_STANDARD = "gnu++20";
				CLANG_ENABLE_MODULES = YES;
				CLANG_ENABLE_OBJC_ARC = YES;
				CLANG_ENABLE_OBJC_WEAK = YES;
				CLANG_WARN_BLOCK_CAPTURE_AUTORELEASING = YES;
				CLANG_WARN_BOOL_CONVERSION = YES;
				CLANG_WARN_COMMA = YES;
				CLANG_WARN_CONSTANT_CONVERSION = YES;
				CLANG_WARN_DEPRECATED_OBJC_IMPLEMENTATIONS = YES;
				CLANG_WARN_DIRECT_OBJC_ISA_USAGE = YES_ERROR;
				CLANG_WARN_DOCUMENTATION_COMMENTS = YES;
				CLANG_WARN_EMPTY_BODY = YES;
				CLANG_WARN_ENUM_CONVERSION = YES;
				CLANG_WARN_INFINITE_RECURSION = YES;
				CLANG_WARN_INT_CONVERSION = YES;
				CLANG_WARN_NON_LITERAL_NULL_CONVERSION = YES;
				CLANG_WARN_OBJC_IMPLICIT_RETAIN_SELF = YES;
				CLANG_WARN_OBJC_LITERAL_CONVERSION = YES;
				CLANG_WARN_OBJC_ROOT_CLASS = YES_ERROR;
				CLANG_WARN_QUOTED_INCLUDE_IN_FRAMEWORK_HEADER = YES;
				CLANG_WARN_RANGE_LOOP_ANALYSIS = YES;
				CLANG_WARN_STRICT_PROTOTYPES = YES;
				CLANG_WARN_SUSPICIOUS_MOVE = YES;
				CLANG_WARN_UNGUARDED_AVAILABILITY = YES_AGGRESSIVE;
				CLANG_WARN_UNREACHABLE_CODE = YES;
				CLANG_WARN__DUPLICATE_METHOD_MATCH = YES;
				COPY_PHASE_STRIP = NO;
				DEBUG_INFORMATION_FORMAT = dwarf;
				ENABLE_STRICT_OBJC_MSGSEND = YES;
				ENABLE_TESTABILITY = YES;
				GCC_C_LANGUAGE_STANDARD = gnu11;
				GCC_DYNAMIC_NO_PIC = NO;
				GCC_NO_COMMON_BLOCKS = YES;
				GCC_OPTIMIZATION_LEVEL = 0;
				GCC_PREPROCESSOR_DEFINITIONS = (
					"DEBUG=1",
					"$(inherited)",
				);
				GCC_WARN_64_TO_32_BIT_CONVERSION = YES;
				GCC_WARN_ABOUT_RETURN_TYPE = YES_ERROR;
				GCC_WARN_UNDECLARED_SELECTOR = YES;
				GCC_WARN_UNINITIALIZED_AUTOS = YES_AGGRESSIVE;
				GCC_WARN_UNUSED_FUNCTION = YES;
				GCC_WARN_UNUSED_VARIABLE = YES;
				IPHONEOS_DEPLOYMENT_TARGET = 16.4;
				MTL_ENABLE_DEBUG_INFO = INCLUDE_SOURCE;
				MTL_FAST_MATH = YES;
				ONLY_ACTIVE_ARCH = YES;
				SDKROOT = iphoneos;
				SWIFT_ACTIVE_COMPILATION_CONDITIONS = DEBUG;
				SWIFT_OPTIMIZATION_LEVEL = "-Onone";
			};
			name = Debug;
		};
		DDA661E429E60D1D00091E6C /* Release */ = {
			isa = XCBuildConfiguration;
			buildSettings = {
				ALWAYS_SEARCH_USER_PATHS = NO;
				CLANG_ANALYZER_NONNULL = YES;
				CLANG_ANALYZER_NUMBER_OBJECT_CONVERSION = YES_AGGRESSIVE;
				CLANG_CXX_LANGUAGE_STANDARD = "gnu++20";
				CLANG_ENABLE_MODULES = YES;
				CLANG_ENABLE_OBJC_ARC = YES;
				CLANG_ENABLE_OBJC_WEAK = YES;
				CLANG_WARN_BLOCK_CAPTURE_AUTORELEASING = YES;
				CLANG_WARN_BOOL_CONVERSION = YES;
				CLANG_WARN_COMMA = YES;
				CLANG_WARN_CONSTANT_CONVERSION = YES;
				CLANG_WARN_DEPRECATED_OBJC_IMPLEMENTATIONS = YES;
				CLANG_WARN_DIRECT_OBJC_ISA_USAGE = YES_ERROR;
				CLANG_WARN_DOCUMENTATION_COMMENTS = YES;
				CLANG_WARN_EMPTY_BODY = YES;
				CLANG_WARN_ENUM_CONVERSION = YES;
				CLANG_WARN_INFINITE_RECURSION = YES;
				CLANG_WARN_INT_CONVERSION = YES;
				CLANG_WARN_NON_LITERAL_NULL_CONVERSION = YES;
				CLANG_WARN_OBJC_IMPLICIT_RETAIN_SELF = YES;
				CLANG_WARN_OBJC_LITERAL_CONVERSION = YES;
				CLANG_WARN_OBJC_ROOT_CLASS = YES_ERROR;
				CLANG_WARN_QUOTED_INCLUDE_IN_FRAMEWORK_HEADER = YES;
				CLANG_WARN_RANGE_LOOP_ANALYSIS = YES;
				CLANG_WARN_STRICT_PROTOTYPES = YES;
				CLANG_WARN_SUSPICIOUS_MOVE = YES;
				CLANG_WARN_UNGUARDED_AVAILABILITY = YES_AGGRESSIVE;
				CLANG_WARN_UNREACHABLE_CODE = YES;
				CLANG_WARN__DUPLICATE_METHOD_MATCH = YES;
				COPY_PHASE_STRIP = NO;
				DEBUG_INFORMATION_FORMAT = "dwarf-with-dsym";
				ENABLE_NS_ASSERTIONS = NO;
				ENABLE_STRICT_OBJC_MSGSEND = YES;
				GCC_C_LANGUAGE_STANDARD = gnu11;
				GCC_NO_COMMON_BLOCKS = YES;
				GCC_WARN_64_TO_32_BIT_CONVERSION = YES;
				GCC_WARN_ABOUT_RETURN_TYPE = YES_ERROR;
				GCC_WARN_UNDECLARED_SELECTOR = YES;
				GCC_WARN_UNINITIALIZED_AUTOS = YES_AGGRESSIVE;
				GCC_WARN_UNUSED_FUNCTION = YES;
				GCC_WARN_UNUSED_VARIABLE = YES;
				IPHONEOS_DEPLOYMENT_TARGET = 16.4;
				MTL_ENABLE_DEBUG_INFO = NO;
				MTL_FAST_MATH = YES;
				SDKROOT = iphoneos;
				SWIFT_COMPILATION_MODE = wholemodule;
				SWIFT_OPTIMIZATION_LEVEL = "-O";
				VALIDATE_PRODUCT = YES;
			};
			name = Release;
		};
		DDA661E629E60D1D00091E6C /* Debug */ = {
			isa = XCBuildConfiguration;
			buildSettings = {
				ASSETCATALOG_COMPILER_APPICON_NAME = AppIcon;
				ASSETCATALOG_COMPILER_GLOBAL_ACCENT_COLOR_NAME = AccentColor;
				CODE_SIGN_IDENTITY = "Apple Development";
				CODE_SIGN_STYLE = Automatic;
				CURRENT_PROJECT_VERSION = 1;
				DEVELOPMENT_TEAM = 54PH4D3VUR;
				GENERATE_INFOPLIST_FILE = YES;
				INFOPLIST_FILE = Travelogue/Info.plist;
				INFOPLIST_KEY_NSPhotoLibraryUsageDescription = "We need access to your photos in order to add a photos to journals";
				INFOPLIST_KEY_UIApplicationSupportsIndirectInputEvents = YES;
				INFOPLIST_KEY_UILaunchStoryboardName = LaunchScreen;
				INFOPLIST_KEY_UIMainStoryboardFile = Main;
				INFOPLIST_KEY_UISupportedInterfaceOrientations_iPad = "UIInterfaceOrientationPortrait UIInterfaceOrientationPortraitUpsideDown UIInterfaceOrientationLandscapeLeft UIInterfaceOrientationLandscapeRight";
				INFOPLIST_KEY_UISupportedInterfaceOrientations_iPhone = "UIInterfaceOrientationPortrait UIInterfaceOrientationLandscapeLeft UIInterfaceOrientationLandscapeRight";
				IPHONEOS_DEPLOYMENT_TARGET = 16.2;
				LD_RUNPATH_SEARCH_PATHS = (
					"$(inherited)",
					"@executable_path/Frameworks",
				);
				MARKETING_VERSION = 1.0;
				PRODUCT_BUNDLE_IDENTIFIER = com.LianHong.Travelogue;
				PRODUCT_NAME = "$(TARGET_NAME)";
				PROVISIONING_PROFILE_SPECIFIER = "";
				SWIFT_EMIT_LOC_STRINGS = YES;
				SWIFT_VERSION = 5.0;
				TARGETED_DEVICE_FAMILY = "1,2";
			};
			name = Debug;
		};
		DDA661E729E60D1D00091E6C /* Release */ = {
			isa = XCBuildConfiguration;
			buildSettings = {
				ASSETCATALOG_COMPILER_APPICON_NAME = AppIcon;
				ASSETCATALOG_COMPILER_GLOBAL_ACCENT_COLOR_NAME = AccentColor;
				CODE_SIGN_STYLE = Automatic;
				CURRENT_PROJECT_VERSION = 1;
				DEVELOPMENT_TEAM = "";
				GENERATE_INFOPLIST_FILE = YES;
				INFOPLIST_FILE = Travelogue/Info.plist;
				INFOPLIST_KEY_NSPhotoLibraryUsageDescription = "We need access to your photos in order to add a photos to journals";
				INFOPLIST_KEY_UIApplicationSupportsIndirectInputEvents = YES;
				INFOPLIST_KEY_UILaunchStoryboardName = LaunchScreen;
				INFOPLIST_KEY_UIMainStoryboardFile = Main;
				INFOPLIST_KEY_UISupportedInterfaceOrientations_iPad = "UIInterfaceOrientationPortrait UIInterfaceOrientationPortraitUpsideDown UIInterfaceOrientationLandscapeLeft UIInterfaceOrientationLandscapeRight";
				INFOPLIST_KEY_UISupportedInterfaceOrientations_iPhone = "UIInterfaceOrientationPortrait UIInterfaceOrientationLandscapeLeft UIInterfaceOrientationLandscapeRight";
				IPHONEOS_DEPLOYMENT_TARGET = 16.2;
				LD_RUNPATH_SEARCH_PATHS = (
					"$(inherited)",
					"@executable_path/Frameworks",
				);
				MARKETING_VERSION = 1.0;
				PRODUCT_BUNDLE_IDENTIFIER = com.KaveyZheng.Travelogue;
				PRODUCT_NAME = "$(TARGET_NAME)";
				SWIFT_EMIT_LOC_STRINGS = YES;
				SWIFT_VERSION = 5.0;
				TARGETED_DEVICE_FAMILY = "1,2";
			};
			name = Release;
		};
/* End XCBuildConfiguration section */

/* Begin XCConfigurationList section */
		DDA661CC29E60D1C00091E6C /* Build configuration list for PBXProject "Travelogue" */ = {
			isa = XCConfigurationList;
			buildConfigurations = (
				DDA661E329E60D1D00091E6C /* Debug */,
				DDA661E429E60D1D00091E6C /* Release */,
			);
			defaultConfigurationIsVisible = 0;
			defaultConfigurationName = Release;
		};
		DDA661E529E60D1D00091E6C /* Build configuration list for PBXNativeTarget "Travelogue" */ = {
			isa = XCConfigurationList;
			buildConfigurations = (
				DDA661E629E60D1D00091E6C /* Debug */,
				DDA661E729E60D1D00091E6C /* Release */,
			);
			defaultConfigurationIsVisible = 0;
			defaultConfigurationName = Release;
		};
/* End XCConfigurationList section */

/* Begin XCRemoteSwiftPackageReference section */
		DDA661E829E60D7800091E6C /* XCRemoteSwiftPackageReference "Parse-Swift" */ = {
			isa = XCRemoteSwiftPackageReference;
			repositoryURL = "https://github.com/parse-community/Parse-Swift";
			requirement = {
				kind = upToNextMajorVersion;
				minimumVersion = 4.0.0;
			};
		};
/* End XCRemoteSwiftPackageReference section */

/* Begin XCSwiftPackageProductDependency section */
		DDA661E929E60D7800091E6C /* ParseSwift */ = {
			isa = XCSwiftPackageProductDependency;
			package = DDA661E829E60D7800091E6C /* XCRemoteSwiftPackageReference "Parse-Swift" */;
			productName = ParseSwift;
		};
/* End XCSwiftPackageProductDependency section */
	};
	rootObject = DDA661C929E60D1C00091E6C /* Project object */;
}
